
Microsoft Visual Studio Solution File, Format Version 12.00
# Visual Studio Version 16
VisualStudioVersion = 16.0.30517.126
MinimumVisualStudioVersion = 10.0.40219.1
Project("{FAE04EC0-301F-11D3-BF4B-00C04F79EFBC}") = "MWS.HTTP", "MyWebServer.HTTP\MWS.HTTP.csproj", "{D6716984-0C9F-4B0E-A08B-E3650FD432E6}"
EndProject
Project("{FAE04EC0-301F-11D3-BF4B-00C04F79EFBC}") = "MWS.MvcFramework", "MWS.MvcFramework\MWS.MvcFramework.csproj", "{87A85F5E-4E6D-4D04-8BD9-1B6DEE697E45}"
EndProject
Project("{2150E333-8FDC-42A3-9474-1A3956D46DE8}") = "Apps", "Apps", "{8699FB15-A683-49C1-BA8C-B7651AB8B4D9}"
EndProject
Project("{FAE04EC0-301F-11D3-BF4B-00C04F79EFBC}") = "MyFirstMvcApp", "MyFirstMvcApp\MyFirstMvcApp.csproj", "{7433D8D2-E3B8-4CE8-A063-C14B4ECBCC70}"
EndProject
Global
	GlobalSection(SolutionConfigurationPlatforms) = preSolution
		Debug|Any CPU = Debug|Any CPU
		Release|Any CPU = Release|Any CPU
	EndGlobalSection
	GlobalSection(ProjectConfigurationPlatforms) = postSolution
		{D6716984-0C9F-4B0E-A08B-E3650FD432E6}.Debug|Any CPU.ActiveCfg = Debug|Any CPU
		{D6716984-0C9F-4B0E-A08B-E3650FD432E6}.Debug|Any CPU.Build.0 = Debug|Any CPU
		{D6716984-0C9F-4B0E-A08B-E3650FD432E6}.Release|Any CPU.ActiveCfg = Release|Any CPU
		{D6716984-0C9F-4B0E-A08B-E3650FD432E6}.Release|Any CPU.Build.0 = Release|Any CPU
		{87A85F5E-4E6D-4D04-8BD9-1B6DEE697E45}.Debug|Any CPU.ActiveCfg = Debug|Any CPU
		{87A85F5E-4E6D-4D04-8BD9-1B6DEE697E45}.Debug|Any CPU.Build.0 = Debug|Any CPU
		{87A85F5E-4E6D-4D04-8BD9-1B6DEE697E45}.Release|Any CPU.ActiveCfg = Release|Any CPU
		{87A85F5E-4E6D-4D04-8BD9-1B6DEE697E45}.Release|Any CPU.Build.0 = Release|Any CPU
		{7433D8D2-E3B8-4CE8-A063-C14B4ECBCC70}.Debug|Any CPU.ActiveCfg = Debug|Any CPU
		{7433D8D2-E3B8-4CE8-A063-C14B4ECBCC70}.Debug|Any CPU.Build.0 = Debug|Any CPU
		{7433D8D2-E3B8-4CE8-A063-C14B4ECBCC70}.Release|Any CPU.ActiveCfg = Release|Any CPU
		{7433D8D2-E3B8-4CE8-A063-C14B4ECBCC70}.Release|Any CPU.Build.0 = Release|Any CPU
	EndGlobalSection
	GlobalSection(SolutionProperties) = preSolution
		HideSolutionNode = FALSE
	EndGlobalSection
	GlobalSection(NestedProjects) = preSolution
		{7433D8D2-E3B8-4CE8-A063-C14B4ECBCC70} = {8699FB15-A683-49C1-BA8C-B7651AB8B4D9}
	EndGlobalSection
	GlobalSection(ExtensibilityGlobals) = postSolution
		SolutionGuid = {C6BF7455-9A04-45ED-9E06-BF1D24879ED4}
	EndGlobalSection
EndGlobal
